{
  "requires": true,
  "lockfileVersion": 1,
  "dependencies": {
    "next-routes": {
      "version": "1.4.1",
      "resolved": "https://registry.npmjs.org/next-routes/-/next-routes-1.4.1.tgz",
      "integrity": "sha512-Q9/4g17Eo81QYdavyWIZpi+6Yjpz98BB2BgGFFOe6Oada/FciDYXweL1ZjLXGMSHJpcPeF09tniQdT6/nlXf/w==",
      "requires": {
        "path-to-regexp": "2.2.1"
      }
    },
    "path-to-regexp": {
      "version": "2.2.1",
      "resolved": "https://registry.npmjs.org/path-to-regexp/-/path-to-regexp-2.2.1.tgz",
      "integrity": "sha512-gu9bD6Ta5bwGrrU8muHzVOBFFREpp2iRkVfhBJahwJ6p6Xw20SjT0MxLnwkjOibQmGSYhiUnf2FLe7k+jcFmGQ=="
    }
  }
}
